
Microsoft Visual Studio Solution File, Format Version 12.00
# Visual Studio Version 16
VisualStudioVersion = 16.0.31729.503
MinimumVisualStudioVersion = 10.0.40219.1
Project("{FAE04EC0-301F-11D3-BF4B-00C04F79EFBC}") = "WindowsFormsApp2", "WindowsFormsApp2\WindowsFormsApp2.csproj", "{630D8AA7-B9FE-41CD-A30B-08E6AF7430EB}"
EndProject
Global
	GlobalSection(SolutionConfigurationPlatforms) = preSolution
		Debug|Any CPU = Debug|Any CPU
		Release|Any CPU = Release|Any CPU
	EndGlobalSection
	GlobalSection(ProjectConfigurationPlatforms) = postSolution
		{630D8AA7-B9FE-41CD-A30B-08E6AF7430EB}.Debug|Any CPU.ActiveCfg = Debug|Any CPU
		{630D8AA7-B9FE-41CD-A30B-08E6AF7430EB}.Debug|Any CPU.Build.0 = Debug|Any CPU
		{630D8AA7-B9FE-41CD-A30B-08E6AF7430EB}.Release|Any CPU.ActiveCfg = Release|Any CPU
		{630D8AA7-B9FE-41CD-A30B-08E6AF7430EB}.Release|Any CPU.Build.0 = Release|Any CPU
	EndGlobalSection
	GlobalSection(SolutionProperties) = preSolution
		HideSolutionNode = FALSE
	EndGlobalSection
	GlobalSection(ExtensibilityGlobals) = postSolution
		SolutionGuid = {441F809F-DCF8-4D2E-A67B-6463759E221A}
	EndGlobalSection
EndGlobal
